# This file is automatically @generated by Cargo.
# It is not intended for manual editing.
version = 3

[[package]]
name = "raltc"
version = "0.1.0"
dependencies = [
 "raltc_cleaner",
 "raltc_script",
]

[[package]]
name = "raltc_cleaner"
version = "0.1.0"
dependencies = [
 "raltc_language_error",
 "raltc_script",
]

[[package]]
name = "raltc_core_error"
version = "0.1.0"
dependencies = [
 "raltc_error",
]

[[package]]
name = "raltc_error"
version = "0.1.0"

[[package]]
name = "raltc_language_error"
version = "0.1.0"
dependencies = [
 "raltc_error",
 "raltc_script",
]

[[package]]
name = "raltc_script"
version = "0.1.0"
dependencies = [
 "raltc_core_error",
]
