# This file is automatically @generated by Cargo.
# It is not intended for manual editing.
version = 3

[[package]]
name = "raltc"
version = "0.1.0"
dependencies = [
 "raltc_mod_parser",
]

[[package]]
name = "raltc_error"
version = "0.1.0"

[[package]]
name = "raltc_file"
version = "0.1.0"
dependencies = [
 "raltc_error",
 "raltc_path",
]

[[package]]
name = "raltc_mod_lexer"
version = "0.1.0"
dependencies = [
 "raltc_file",
 "raltc_token",
]

[[package]]
name = "raltc_mod_parser"
version = "0.1.0"
dependencies = [
 "raltc_mod_lexer",
 "raltc_token",
]

[[package]]
name = "raltc_path"
version = "0.1.0"

[[package]]
name = "raltc_token"
version = "0.1.0"
